// !$*UTF8*$!
{
	archiveVersion = 1;
	classes = {
	};
	objectVersion = 50;
	objects = {

/* Begin PBXBuildFile section */
		041A09A225DF4E5B0068310A /* AppDelegate.swift in Sources */ = {isa = PBXBuildFile; fileRef = 041A09A125DF4E5B0068310A /* AppDelegate.swift */; };
		041A09A425DF4E5B0068310A /* SceneDelegate.swift in Sources */ = {isa = PBXBuildFile; fileRef = 041A09A325DF4E5B0068310A /* SceneDelegate.swift */; };
		041A09A625DF4E5B0068310A /* ViewController.swift in Sources */ = {isa = PBXBuildFile; fileRef = 041A09A525DF4E5B0068310A /* ViewController.swift */; };
		041A09A925DF4E5B0068310A /* Main.storyboard in Resources */ = {isa = PBXBuildFile; fileRef = 041A09A725DF4E5B0068310A /* Main.storyboard */; };
		041A09AC25DF4E5B0068310A /* Fetch.xcdatamodeld in Sources */ = {isa = PBXBuildFile; fileRef = 041A09AA25DF4E5B0068310A /* Fetch.xcdatamodeld */; };
		041A09AE25DF4E630068310A /* Assets.xcassets in Resources */ = {isa = PBXBuildFile; fileRef = 041A09AD25DF4E630068310A /* Assets.xcassets */; };
		041A09B125DF4E630068310A /* LaunchScreen.storyboard in Resources */ = {isa = PBXBuildFile; fileRef = 041A09AF25DF4E630068310A /* LaunchScreen.storyboard */; };
		041A09BC25DF4E630068310A /* FetchTests.swift in Sources */ = {isa = PBXBuildFile; fileRef = 041A09BB25DF4E630068310A /* FetchTests.swift */; };
		041A09C725DF4E630068310A /* FetchUITests.swift in Sources */ = {isa = PBXBuildFile; fileRef = 041A09C625DF4E630068310A /* FetchUITests.swift */; };
		E33DCA0E25E72075007DEDA9 /* SwiftUIView.swift in Sources */ = {isa = PBXBuildFile; fileRef = E33DCA0D25E72075007DEDA9 /* SwiftUIView.swift */; };
		E34CC83B25EAF6DC00F1EEEE /* CloudKit.framework in Frameworks */ = {isa = PBXBuildFile; fileRef = E34CC83A25EAF6DC00F1EEEE /* CloudKit.framework */; };
		E3B2EE0425E8805300F8BC06 /* User+CoreDataProperties.swift in Sources */ = {isa = PBXBuildFile; fileRef = E3B2EE0225E8805300F8BC06 /* User+CoreDataProperties.swift */; };
		E3B2EE0C25E8826A00F8BC06 /* JoinedUsers.swift in Sources */ = {isa = PBXBuildFile; fileRef = E3B2EE0B25E8826A00F8BC06 /* JoinedUsers.swift */; };
/* End PBXBuildFile section */

/* Begin PBXContainerItemProxy section */
		041A09B825DF4E630068310A /* PBXContainerItemProxy */ = {
			isa = PBXContainerItemProxy;
			containerPortal = 041A099625DF4E5B0068310A /* Project object */;
			proxyType = 1;
			remoteGlobalIDString = 041A099D25DF4E5B0068310A;
			remoteInfo = Fetch;
		};
		041A09C325DF4E630068310A /* PBXContainerItemProxy */ = {
			isa = PBXContainerItemProxy;
			containerPortal = 041A099625DF4E5B0068310A /* Project object */;
			proxyType = 1;
			remoteGlobalIDString = 041A099D25DF4E5B0068310A;
			remoteInfo = Fetch;
		};
/* End PBXContainerItemProxy section */

/* Begin PBXFileReference section */
		041A099E25DF4E5B0068310A /* Fetch.app */ = {isa = PBXFileReference; explicitFileType = wrapper.application; includeInIndex = 0; path = Fetch.app; sourceTree = BUILT_PRODUCTS_DIR; };
		041A09A125DF4E5B0068310A /* AppDelegate.swift */ = {isa = PBXFileReference; lastKnownFileType = sourcecode.swift; path = AppDelegate.swift; sourceTree = "<group>"; };
		041A09A325DF4E5B0068310A /* SceneDelegate.swift */ = {isa = PBXFileReference; lastKnownFileType = sourcecode.swift; path = SceneDelegate.swift; sourceTree = "<group>"; };
		041A09A525DF4E5B0068310A /* ViewController.swift */ = {isa = PBXFileReference; lastKnownFileType = sourcecode.swift; path = ViewController.swift; sourceTree = "<group>"; };
		041A09A825DF4E5B0068310A /* Base */ = {isa = PBXFileReference; lastKnownFileType = file.storyboard; name = Base; path = Base.lproj/Main.storyboard; sourceTree = "<group>"; };
		041A09AB25DF4E5B0068310A /* Fetch.xcdatamodel */ = {isa = PBXFileReference; lastKnownFileType = wrapper.xcdatamodel; path = Fetch.xcdatamodel; sourceTree = "<group>"; };
		041A09AD25DF4E630068310A /* Assets.xcassets */ = {isa = PBXFileReference; lastKnownFileType = folder.assetcatalog; path = Assets.xcassets; sourceTree = "<group>"; };
		041A09B025DF4E630068310A /* Base */ = {isa = PBXFileReference; lastKnownFileType = file.storyboard; name = Base; path = Base.lproj/LaunchScreen.storyboard; sourceTree = "<group>"; };
		041A09B225DF4E630068310A /* Info.plist */ = {isa = PBXFileReference; lastKnownFileType = text.plist.xml; path = Info.plist; sourceTree = "<group>"; };
		041A09B725DF4E630068310A /* FetchTests.xctest */ = {isa = PBXFileReference; explicitFileType = wrapper.cfbundle; includeInIndex = 0; path = FetchTests.xctest; sourceTree = BUILT_PRODUCTS_DIR; };
		041A09BB25DF4E630068310A /* FetchTests.swift */ = {isa = PBXFileReference; lastKnownFileType = sourcecode.swift; path = FetchTests.swift; sourceTree = "<group>"; };
		041A09BD25DF4E630068310A /* Info.plist */ = {isa = PBXFileReference; lastKnownFileType = text.plist.xml; path = Info.plist; sourceTree = "<group>"; };
		041A09C225DF4E630068310A /* FetchUITests.xctest */ = {isa = PBXFileReference; explicitFileType = wrapper.cfbundle; includeInIndex = 0; path = FetchUITests.xctest; sourceTree = BUILT_PRODUCTS_DIR; };
		041A09C625DF4E630068310A /* FetchUITests.swift */ = {isa = PBXFileReference; lastKnownFileType = sourcecode.swift; path = FetchUITests.swift; sourceTree = "<group>"; };
		041A09C825DF4E630068310A /* Info.plist */ = {isa = PBXFileReference; lastKnownFileType = text.plist.xml; path = Info.plist; sourceTree = "<group>"; };
		E33DCA0D25E72075007DEDA9 /* SwiftUIView.swift */ = {isa = PBXFileReference; lastKnownFileType = sourcecode.swift; path = SwiftUIView.swift; sourceTree = "<group>"; };
		E34CC83225EAF5E700F1EEEE /* Fetch.entitlements */ = {isa = PBXFileReference; lastKnownFileType = text.plist.entitlements; path = Fetch.entitlements; sourceTree = "<group>"; };
		E34CC83A25EAF6DC00F1EEEE /* CloudKit.framework */ = {isa = PBXFileReference; lastKnownFileType = wrapper.framework; name = CloudKit.framework; path = System/Library/Frameworks/CloudKit.framework; sourceTree = SDKROOT; };
		E3B2EE0225E8805300F8BC06 /* User+CoreDataProperties.swift */ = {isa = PBXFileReference; lastKnownFileType = sourcecode.swift; path = "User+CoreDataProperties.swift"; sourceTree = "<group>"; };
		E3B2EE0B25E8826A00F8BC06 /* JoinedUsers.swift */ = {isa = PBXFileReference; lastKnownFileType = sourcecode.swift; path = JoinedUsers.swift; sourceTree = "<group>"; };
/* End PBXFileReference section */

/* Begin PBXFrameworksBuildPhase section */
		041A099B25DF4E5B0068310A /* Frameworks */ = {
			isa = PBXFrameworksBuildPhase;
			buildActionMask = 2147483647;
			files = (
				E34CC83B25EAF6DC00F1EEEE /* CloudKit.framework in Frameworks */,
			);
			runOnlyForDeploymentPostprocessing = 0;
		};
		041A09B425DF4E630068310A /* Frameworks */ = {
			isa = PBXFrameworksBuildPhase;
			buildActionMask = 2147483647;
			files = (
			);
			runOnlyForDeploymentPostprocessing = 0;
		};
		041A09BF25DF4E630068310A /* Frameworks */ = {
			isa = PBXFrameworksBuildPhase;
			buildActionMask = 2147483647;
			files = (
			);
			runOnlyForDeploymentPostprocessing = 0;
		};
/* End PBXFrameworksBuildPhase section */

/* Begin PBXGroup section */
		041A099525DF4E5B0068310A = {
			isa = PBXGroup;
			children = (
				E33626B425E728F700AB29E9 /* Model */,
				041A09A025DF4E5B0068310A /* Fetch */,
				041A09BA25DF4E630068310A /* FetchTests */,
				041A09C525DF4E630068310A /* FetchUITests */,
				041A099F25DF4E5B0068310A /* Products */,
				E34CC83925EAF6DC00F1EEEE /* Frameworks */,
			);
			sourceTree = "<group>";
		};
		041A099F25DF4E5B0068310A /* Products */ = {
			isa = PBXGroup;
			children = (
				041A099E25DF4E5B0068310A /* Fetch.app */,
				041A09B725DF4E630068310A /* FetchTests.xctest */,
				041A09C225DF4E630068310A /* FetchUITests.xctest */,
			);
			name = Products;
			sourceTree = "<group>";
		};
		041A09A025DF4E5B0068310A /* Fetch */ = {
			isa = PBXGroup;
			children = (
				E33DCA0D25E72075007DEDA9 /* SwiftUIView.swift */,
				E3B2EE0B25E8826A00F8BC06 /* JoinedUsers.swift */,
				041A09A125DF4E5B0068310A /* AppDelegate.swift */,
				041A09A325DF4E5B0068310A /* SceneDelegate.swift */,
				041A09A525DF4E5B0068310A /* ViewController.swift */,
				041A09A725DF4E5B0068310A /* Main.storyboard */,
				041A09AD25DF4E630068310A /* Assets.xcassets */,
				041A09AF25DF4E630068310A /* LaunchScreen.storyboard */,
				041A09B225DF4E630068310A /* Info.plist */,
				041A09AA25DF4E5B0068310A /* Fetch.xcdatamodeld */,
				E34CC83225EAF5E700F1EEEE /* Fetch.entitlements */,
			);
			path = Fetch;
			sourceTree = "<group>";
		};
		041A09BA25DF4E630068310A /* FetchTests */ = {
			isa = PBXGroup;
			children = (
				041A09BB25DF4E630068310A /* FetchTests.swift */,
				041A09BD25DF4E630068310A /* Info.plist */,
			);
			path = FetchTests;
			sourceTree = "<group>";
		};
		041A09C525DF4E630068310A /* FetchUITests */ = {
			isa = PBXGroup;
			children = (
				041A09C625DF4E630068310A /* FetchUITests.swift */,
				041A09C825DF4E630068310A /* Info.plist */,
			);
			path = FetchUITests;
			sourceTree = "<group>";
		};
		E33626B425E728F700AB29E9 /* Model */ = {
			isa = PBXGroup;
			children = (
				E3B2EE0225E8805300F8BC06 /* User+CoreDataProperties.swift */,
			);
			path = Model;
			sourceTree = "<group>";
		};
		E34CC83925EAF6DC00F1EEEE /* Frameworks */ = {
			isa = PBXGroup;
			children = (
				E34CC83A25EAF6DC00F1EEEE /* CloudKit.framework */,
			);
			name = Frameworks;
			sourceTree = "<group>";
		};
/* End PBXGroup section */

/* Begin PBXNativeTarget section */
		041A099D25DF4E5B0068310A /* Fetch */ = {
			isa = PBXNativeTarget;
			buildConfigurationList = 041A09CB25DF4E640068310A /* Build configuration list for PBXNativeTarget "Fetch" */;
			buildPhases = (
				041A099A25DF4E5B0068310A /* Sources */,
				041A099B25DF4E5B0068310A /* Frameworks */,
				041A099C25DF4E5B0068310A /* Resources */,
			);
			buildRules = (
			);
			dependencies = (
			);
			name = Fetch;
			productName = Fetch;
			productReference = 041A099E25DF4E5B0068310A /* Fetch.app */;
			productType = "com.apple.product-type.application";
		};
		041A09B625DF4E630068310A /* FetchTests */ = {
			isa = PBXNativeTarget;
			buildConfigurationList = 041A09CE25DF4E640068310A /* Build configuration list for PBXNativeTarget "FetchTests" */;
			buildPhases = (
				041A09B325DF4E630068310A /* Sources */,
				041A09B425DF4E630068310A /* Frameworks */,
				041A09B525DF4E630068310A /* Resources */,
			);
			buildRules = (
			);
			dependencies = (
				041A09B925DF4E630068310A /* PBXTargetDependency */,
			);
			name = FetchTests;
			productName = FetchTests;
			productReference = 041A09B725DF4E630068310A /* FetchTests.xctest */;
			productType = "com.apple.product-type.bundle.unit-test";
		};
		041A09C125DF4E630068310A /* FetchUITests */ = {
			isa = PBXNativeTarget;
			buildConfigurationList = 041A09D125DF4E640068310A /* Build configuration list for PBXNativeTarget "FetchUITests" */;
			buildPhases = (
				041A09BE25DF4E630068310A /* Sources */,
				041A09BF25DF4E630068310A /* Frameworks */,
				041A09C025DF4E630068310A /* Resources */,
			);
			buildRules = (
			);
			dependencies = (
				041A09C425DF4E630068310A /* PBXTargetDependency */,
			);
			name = FetchUITests;
			productName = FetchUITests;
			productReference = 041A09C225DF4E630068310A /* FetchUITests.xctest */;
			productType = "com.apple.product-type.bundle.ui-testing";
		};
/* End PBXNativeTarget section */

/* Begin PBXProject section */
		041A099625DF4E5B0068310A /* Project object */ = {
			isa = PBXProject;
			attributes = {
				LastSwiftUpdateCheck = 1240;
				LastUpgradeCheck = 1240;
				TargetAttributes = {
					041A099D25DF4E5B0068310A = {
						CreatedOnToolsVersion = 12.4;
					};
					041A09B625DF4E630068310A = {
						CreatedOnToolsVersion = 12.4;
						TestTargetID = 041A099D25DF4E5B0068310A;
					};
					041A09C125DF4E630068310A = {
						CreatedOnToolsVersion = 12.4;
						TestTargetID = 041A099D25DF4E5B0068310A;
					};
				};
			};
			buildConfigurationList = 041A099925DF4E5B0068310A /* Build configuration list for PBXProject "Fetch" */;
			compatibilityVersion = "Xcode 9.3";
			developmentRegion = en;
			hasScannedForEncodings = 0;
			knownRegions = (
				en,
				Base,
			);
			mainGroup = 041A099525DF4E5B0068310A;
			productRefGroup = 041A099F25DF4E5B0068310A /* Products */;
			projectDirPath = "";
			projectRoot = "";
			targets = (
				041A099D25DF4E5B0068310A /* Fetch */,
				041A09B625DF4E630068310A /* FetchTests */,
				041A09C125DF4E630068310A /* FetchUITests */,
			);
		};
/* End PBXProject section */

/* Begin PBXResourcesBuildPhase section */
		041A099C25DF4E5B0068310A /* Resources */ = {
			isa = PBXResourcesBuildPhase;
			buildActionMask = 2147483647;
			files = (
				041A09B125DF4E630068310A /* LaunchScreen.storyboard in Resources */,
				041A09AE25DF4E630068310A /* Assets.xcassets in Resources */,
				041A09A925DF4E5B0068310A /* Main.storyboard in Resources */,
			);
			runOnlyForDeploymentPostprocessing = 0;
		};
		041A09B525DF4E630068310A /* Resources */ = {
			isa = PBXResourcesBuildPhase;
			buildActionMask = 2147483647;
			files = (
			);
			runOnlyForDeploymentPostprocessing = 0;
		};
		041A09C025DF4E630068310A /* Resources */ = {
			isa = PBXResourcesBuildPhase;
			buildActionMask = 2147483647;
			files = (
			);
			runOnlyForDeploymentPostprocessing = 0;
		};
/* End PBXResourcesBuildPhase section */

/* Begin PBXSourcesBuildPhase section */
		041A099A25DF4E5B0068310A /* Sources */ = {
			isa = PBXSourcesBuildPhase;
			buildActionMask = 2147483647;
			files = (
				041A09AC25DF4E5B0068310A /* Fetch.xcdatamodeld in Sources */,
				041A09A625DF4E5B0068310A /* ViewController.swift in Sources */,
				041A09A225DF4E5B0068310A /* AppDelegate.swift in Sources */,
				041A09A425DF4E5B0068310A /* SceneDelegate.swift in Sources */,
				E33DCA0E25E72075007DEDA9 /* SwiftUIView.swift in Sources */,
				E3B2EE0C25E8826A00F8BC06 /* JoinedUsers.swift in Sources */,
				E3B2EE0425E8805300F8BC06 /* User+CoreDataProperties.swift in Sources */,
			);
			runOnlyForDeploymentPostprocessing = 0;
		};
		041A09B325DF4E630068310A /* Sources */ = {
			isa = PBXSourcesBuildPhase;
			buildActionMask = 2147483647;
			files = (
				041A09BC25DF4E630068310A /* FetchTests.swift in Sources */,
			);
			runOnlyForDeploymentPostprocessing = 0;
		};
		041A09BE25DF4E630068310A /* Sources */ = {
			isa = PBXSourcesBuildPhase;
			buildActionMask = 2147483647;
			files = (
				041A09C725DF4E630068310A /* FetchUITests.swift in Sources */,
			);
			runOnlyForDeploymentPostprocessing = 0;
		};
/* End PBXSourcesBuildPhase section */

/* Begin PBXTargetDependency section */
		041A09B925DF4E630068310A /* PBXTargetDependency */ = {
			isa = PBXTargetDependency;
			target = 041A099D25DF4E5B0068310A /* Fetch */;
			targetProxy = 041A09B825DF4E630068310A /* PBXContainerItemProxy */;
		};
		041A09C425DF4E630068310A /* PBXTargetDependency */ = {
			isa = PBXTargetDependency;
			target = 041A099D25DF4E5B0068310A /* Fetch */;
			targetProxy = 041A09C325DF4E630068310A /* PBXContainerItemProxy */;
		};
/* End PBXTargetDependency section */

/* Begin PBXVariantGroup section */
		041A09A725DF4E5B0068310A /* Main.storyboard */ = {
			isa = PBXVariantGroup;
			children = (
				041A09A825DF4E5B0068310A /* Base */,
			);
			name = Main.storyboard;
			sourceTree = "<group>";
		};
		041A09AF25DF4E630068310A /* LaunchScreen.storyboard */ = {
			isa = PBXVariantGroup;
			children = (
				041A09B025DF4E630068310A /* Base */,
			);
			name = LaunchScreen.storyboard;
			sourceTree = "<group>";
		};
/* End PBXVariantGroup section */

/* Begin XCBuildConfiguration section */
		041A09C925DF4E640068310A /* Debug */ = {
			isa = XCBuildConfiguration;
			buildSettings = {
				ALWAYS_SEARCH_USER_PATHS = NO;
				CLANG_ANALYZER_NONNULL = YES;
				CLANG_ANALYZER_NUMBER_OBJECT_CONVERSION = YES_AGGRESSIVE;
				CLANG_CXX_LANGUAGE_STANDARD = "gnu++14";
				CLANG_CXX_LIBRARY = "libc++";
				CLANG_ENABLE_MODULES = YES;
				CLANG_ENABLE_OBJC_ARC = YES;
				CLANG_ENABLE_OBJC_WEAK = YES;
				CLANG_WARN_BLOCK_CAPTURE_AUTORELEASING = YES;
				CLANG_WARN_BOOL_CONVERSION = YES;
				CLANG_WARN_COMMA = YES;
				CLANG_WARN_CONSTANT_CONVERSION = YES;
				CLANG_WARN_DEPRECATED_OBJC_IMPLEMENTATIONS = YES;
				CLANG_WARN_DIRECT_OBJC_ISA_USAGE = YES_ERROR;
				CLANG_WARN_DOCUMENTATION_COMMENTS = YES;
				CLANG_WARN_EMPTY_BODY = YES;
				CLANG_WARN_ENUM_CONVERSION = YES;
				CLANG_WARN_INFINITE_RECURSION = YES;
				CLANG_WARN_INT_CONVERSION = YES;
				CLANG_WARN_NON_LITERAL_NULL_CONVERSION = YES;
				CLANG_WARN_OBJC_IMPLICIT_RETAIN_SELF = YES;
				CLANG_WARN_OBJC_LITERAL_CONVERSION = YES;
				CLANG_WARN_OBJC_ROOT_CLASS = YES_ERROR;
				CLANG_WARN_QUOTED_INCLUDE_IN_FRAMEWORK_HEADER = YES;
				CLANG_WARN_RANGE_LOOP_ANALYSIS = YES;
				CLANG_WARN_STRICT_PROTOTYPES = YES;
				CLANG_WARN_SUSPICIOUS_MOVE = YES;
				CLANG_WARN_UNGUARDED_AVAILABILITY = YES_AGGRESSIVE;
				CLANG_WARN_UNREACHABLE_CODE = YES;
				CLANG_WARN__DUPLICATE_METHOD_MATCH = YES;
				COPY_PHASE_STRIP = NO;
				DEBUG_INFORMATION_FORMAT = dwarf;
				ENABLE_STRICT_OBJC_MSGSEND = YES;
				ENABLE_TESTABILITY = YES;
				GCC_C_LANGUAGE_STANDARD = gnu11;
				GCC_DYNAMIC_NO_PIC = NO;
				GCC_NO_COMMON_BLOCKS = YES;
				GCC_OPTIMIZATION_LEVEL = 0;
				GCC_PREPROCESSOR_DEFINITIONS = (
					"DEBUG=1",
					"$(inherited)",
				);
				GCC_WARN_64_TO_32_BIT_CONVERSION = YES;
				GCC_WARN_ABOUT_RETURN_TYPE = YES_ERROR;
				GCC_WARN_UNDECLARED_SELECTOR = YES;
				GCC_WARN_UNINITIALIZED_AUTOS = YES_AGGRESSIVE;
				GCC_WARN_UNUSED_FUNCTION = YES;
				GCC_WARN_UNUSED_VARIABLE = YES;
				IPHONEOS_DEPLOYMENT_TARGET = 14.4;
				MTL_ENABLE_DEBUG_INFO = INCLUDE_SOURCE;
				MTL_FAST_MATH = YES;
				ONLY_ACTIVE_ARCH = YES;
				SDKROOT = iphoneos;
				SWIFT_ACTIVE_COMPILATION_CONDITIONS = DEBUG;
				SWIFT_OPTIMIZATION_LEVEL = "-Onone";
			};
			name = Debug;
		};
		041A09CA25DF4E640068310A /* Release */ = {
			isa = XCBuildConfiguration;
			buildSettings = {
				ALWAYS_SEARCH_USER_PATHS = NO;
				CLANG_ANALYZER_NONNULL = YES;
				CLANG_ANALYZER_NUMBER_OBJECT_CONVERSION = YES_AGGRESSIVE;
				CLANG_CXX_LANGUAGE_STANDARD = "gnu++14";
				CLANG_CXX_LIBRARY = "libc++";
				CLANG_ENABLE_MODULES = YES;
				CLANG_ENABLE_OBJC_ARC = YES;
				CLANG_ENABLE_OBJC_WEAK = YES;
				CLANG_WARN_BLOCK_CAPTURE_AUTORELEASING = YES;
				CLANG_WARN_BOOL_CONVERSION = YES;
				CLANG_WARN_COMMA = YES;
				CLANG_WARN_CONSTANT_CONVERSION = YES;
				CLANG_WARN_DEPRECATED_OBJC_IMPLEMENTATIONS = YES;
				CLANG_WARN_DIRECT_OBJC_ISA_USAGE = YES_ERROR;
				CLANG_WARN_DOCUMENTATION_COMMENTS = YES;
				CLANG_WARN_EMPTY_BODY = YES;
				CLANG_WARN_ENUM_CONVERSION = YES;
				CLANG_WARN_INFINITE_RECURSION = YES;
				CLANG_WARN_INT_CONVERSION = YES;
				CLANG_WARN_NON_LITERAL_NULL_CONVERSION = YES;
				CLANG_WARN_OBJC_IMPLICIT_RETAIN_SELF = YES;
				CLANG_WARN_OBJC_LITERAL_CONVERSION = YES;
				CLANG_WARN_OBJC_ROOT_CLASS = YES_ERROR;
				CLANG_WARN_QUOTED_INCLUDE_IN_FRAMEWORK_HEADER = YES;
				CLANG_WARN_RANGE_LOOP_ANALYSIS = YES;
				CLANG_WARN_STRICT_PROTOTYPES = YES;
				CLANG_WARN_SUSPICIOUS_MOVE = YES;
				CLANG_WARN_UNGUARDED_AVAILABILITY = YES_AGGRESSIVE;
				CLANG_WARN_UNREACHABLE_CODE = YES;
				CLANG_WARN__DUPLICATE_METHOD_MATCH = YES;
				COPY_PHASE_STRIP = NO;
				DEBUG_INFORMATION_FORMAT = "dwarf-with-dsym";
				ENABLE_NS_ASSERTIONS = NO;
				ENABLE_STRICT_OBJC_MSGSEND = YES;
				GCC_C_LANGUAGE_STANDARD = gnu11;
				GCC_NO_COMMON_BLOCKS = YES;
				GCC_WARN_64_TO_32_BIT_CONVERSION = YES;
				GCC_WARN_ABOUT_RETURN_TYPE = YES_ERROR;
				GCC_WARN_UNDECLARED_SELECTOR = YES;
				GCC_WARN_UNINITIALIZED_AUTOS = YES_AGGRESSIVE;
				GCC_WARN_UNUSED_FUNCTION = YES;
				GCC_WARN_UNUSED_VARIABLE = YES;
				IPHONEOS_DEPLOYMENT_TARGET = 14.4;
				MTL_ENABLE_DEBUG_INFO = NO;
				MTL_FAST_MATH = YES;
				SDKROOT = iphoneos;
				SWIFT_COMPILATION_MODE = wholemodule;
				SWIFT_OPTIMIZATION_LEVEL = "-O";
				VALIDATE_PRODUCT = YES;
			};
			name = Release;
		};
		041A09CC25DF4E640068310A /* Debug */ = {
			isa = XCBuildConfiguration;
			buildSettings = {
				ASSETCATALOG_COMPILER_APPICON_NAME = AppIcon;
				ASSETCATALOG_COMPILER_GLOBAL_ACCENT_COLOR_NAME = AccentColor;
				CODE_SIGN_ENTITLEMENTS = Fetch/Fetch.entitlements;
				CODE_SIGN_IDENTITY = "iPhone Developer";
				CODE_SIGN_STYLE = Automatic;
				DEVELOPMENT_TEAM = V7554L9FJ9;
				INFOPLIST_FILE = Fetch/Info.plist;
				LD_RUNPATH_SEARCH_PATHS = (
					"$(inherited)",
					"@executable_path/Frameworks",
				);
				PRODUCT_BUNDLE_IDENTIFIER = CIS422.Fetch;
				PRODUCT_NAME = "$(TARGET_NAME)";
				PROVISIONING_PROFILE_SPECIFIER = "";
				SWIFT_VERSION = 5.0;
				TARGETED_DEVICE_FAMILY = "1,2";
			};
			name = Debug;
		};
		041A09CD25DF4E640068310A /* Release */ = {
			isa = XCBuildConfiguration;
			buildSettings = {
				ASSETCATALOG_COMPILER_APPICON_NAME = AppIcon;
				ASSETCATALOG_COMPILER_GLOBAL_ACCENT_COLOR_NAME = AccentColor;
				CODE_SIGN_ENTITLEMENTS = Fetch/Fetch.entitlements;
				CODE_SIGN_IDENTITY = "iPhone Developer";
				CODE_SIGN_STYLE = Automatic;
				DEVELOPMENT_TEAM = V7554L9FJ9;
				INFOPLIST_FILE = Fetch/Info.plist;
				LD_RUNPATH_SEARCH_PATHS = (
					"$(inherited)",
					"@executable_path/Frameworks",
				);
				PRODUCT_BUNDLE_IDENTIFIER = CIS422.Fetch;
				PRODUCT_NAME = "$(TARGET_NAME)";
				PROVISIONING_PROFILE_SPECIFIER = "";
				SWIFT_VERSION = 5.0;
				TARGETED_DEVICE_FAMILY = "1,2";
			};
			name = Release;
		};
		041A09CF25DF4E640068310A /* Debug */ = {
			isa = XCBuildConfiguration;
			buildSettings = {
				ALWAYS_EMBED_SWIFT_STANDARD_LIBRARIES = YES;
				BUNDLE_LOADER = "$(TEST_HOST)";
				CODE_SIGN_STYLE = Automatic;
				DEVELOPMENT_TEAM = TF7UNC7G48;
				INFOPLIST_FILE = FetchTests/Info.plist;
				IPHONEOS_DEPLOYMENT_TARGET = 14.4;
				LD_RUNPATH_SEARCH_PATHS = (
					"$(inherited)",
					"@executable_path/Frameworks",
					"@loader_path/Frameworks",
				);
				PRODUCT_BUNDLE_IDENTIFIER = CIS422.FetchTests;
				PRODUCT_NAME = "$(TARGET_NAME)";
				SWIFT_VERSION = 5.0;
				TARGETED_DEVICE_FAMILY = "1,2";
				TEST_HOST = "$(BUILT_PRODUCTS_DIR)/Fetch.app/Fetch";
			};
			name = Debug;
		};
		041A09D025DF4E640068310A /* Release */ = {
			isa = XCBuildConfiguration;
			buildSettings = {
				ALWAYS_EMBED_SWIFT_STANDARD_LIBRARIES = YES;
				BUNDLE_LOADER = "$(TEST_HOST)";
				CODE_SIGN_STYLE = Automatic;
				DEVELOPMENT_TEAM = TF7UNC7G48;
				INFOPLIST_FILE = FetchTests/Info.plist;
				IPHONEOS_DEPLOYMENT_TARGET = 14.4;
				LD_RUNPATH_SEARCH_PATHS = (
					"$(inherited)",
					"@executable_path/Frameworks",
					"@loader_path/Frameworks",
				);
				PRODUCT_BUNDLE_IDENTIFIER = CIS422.FetchTests;
				PRODUCT_NAME = "$(TARGET_NAME)";
				SWIFT_VERSION = 5.0;
				TARGETED_DEVICE_FAMILY = "1,2";
				TEST_HOST = "$(BUILT_PRODUCTS_DIR)/Fetch.app/Fetch";
			};
			name = Release;
		};
		041A09D225DF4E640068310A /* Debug */ = {
			isa = XCBuildConfiguration;
			buildSettings = {
				ALWAYS_EMBED_SWIFT_STANDARD_LIBRARIES = YES;
				CODE_SIGN_STYLE = Automatic;
				DEVELOPMENT_TEAM = TF7UNC7G48;
				INFOPLIST_FILE = FetchUITests/Info.plist;
				LD_RUNPATH_SEARCH_PATHS = (
					"$(inherited)",
					"@executable_path/Frameworks",
					"@loader_path/Frameworks",
				);
				PRODUCT_BUNDLE_IDENTIFIER = CIS422.FetchUITests;
				PRODUCT_NAME = "$(TARGET_NAME)";
				SWIFT_VERSION = 5.0;
				TARGETED_DEVICE_FAMILY = "1,2";
				TEST_TARGET_NAME = Fetch;
			};
			name = Debug;
		};
		041A09D325DF4E640068310A /* Release */ = {
			isa = XCBuildConfiguration;
			buildSettings = {
				ALWAYS_EMBED_SWIFT_STANDARD_LIBRARIES = YES;
				CODE_SIGN_STYLE = Automatic;
				DEVELOPMENT_TEAM = TF7UNC7G48;
				INFOPLIST_FILE = FetchUITests/Info.plist;
				LD_RUNPATH_SEARCH_PATHS = (
					"$(inherited)",
					"@executable_path/Frameworks",
					"@loader_path/Frameworks",
				);
				PRODUCT_BUNDLE_IDENTIFIER = CIS422.FetchUITests;
				PRODUCT_NAME = "$(TARGET_NAME)";
				SWIFT_VERSION = 5.0;
				TARGETED_DEVICE_FAMILY = "1,2";
				TEST_TARGET_NAME = Fetch;
			};
			name = Release;
		};
/* End XCBuildConfiguration section */

/* Begin XCConfigurationList section */
		041A099925DF4E5B0068310A /* Build configuration list for PBXProject "Fetch" */ = {
			isa = XCConfigurationList;
			buildConfigurations = (
				041A09C925DF4E640068310A /* Debug */,
				041A09CA25DF4E640068310A /* Release */,
			);
			defaultConfigurationIsVisible = 0;
			defaultConfigurationName = Release;
		};
		041A09CB25DF4E640068310A /* Build configuration list for PBXNativeTarget "Fetch" */ = {
			isa = XCConfigurationList;
			buildConfigurations = (
				041A09CC25DF4E640068310A /* Debug */,
				041A09CD25DF4E640068310A /* Release */,
			);
			defaultConfigurationIsVisible = 0;
			defaultConfigurationName = Release;
		};
		041A09CE25DF4E640068310A /* Build configuration list for PBXNativeTarget "FetchTests" */ = {
			isa = XCConfigurationList;
			buildConfigurations = (
				041A09CF25DF4E640068310A /* Debug */,
				041A09D025DF4E640068310A /* Release */,
			);
			defaultConfigurationIsVisible = 0;
			defaultConfigurationName = Release;
		};
		041A09D125DF4E640068310A /* Build configuration list for PBXNativeTarget "FetchUITests" */ = {
			isa = XCConfigurationList;
			buildConfigurations = (
				041A09D225DF4E640068310A /* Debug */,
				041A09D325DF4E640068310A /* Release */,
			);
			defaultConfigurationIsVisible = 0;
			defaultConfigurationName = Release;
		};
/* End XCConfigurationList section */

/* Begin XCVersionGroup section */
		041A09AA25DF4E5B0068310A /* Fetch.xcdatamodeld */ = {
			isa = XCVersionGroup;
			children = (
				041A09AB25DF4E5B0068310A /* Fetch.xcdatamodel */,
			);
			currentVersion = 041A09AB25DF4E5B0068310A /* Fetch.xcdatamodel */;
			path = Fetch.xcdatamodeld;
			sourceTree = "<group>";
			versionGroupType = wrapper.xcdatamodel;
		};
/* End XCVersionGroup section */
	};
	rootObject = 041A099625DF4E5B0068310A /* Project object */;
}
