// !$*UTF8*$!
{
	archiveVersion = 1;
	classes = {
	};
	objectVersion = 50;
	objects = {

/* Begin PBXBuildFile section */
		046FF49525DAFF8F00045951 /* PetTinderApp.swift in Sources */ = {isa = PBXBuildFile; fileRef = 046FF49425DAFF8F00045951 /* PetTinderApp.swift */; };
		046FF49725DAFF8F00045951 /* ContentView.swift in Sources */ = {isa = PBXBuildFile; fileRef = 046FF49625DAFF8F00045951 /* ContentView.swift */; };
		046FF49925DAFF9200045951 /* Assets.xcassets in Resources */ = {isa = PBXBuildFile; fileRef = 046FF49825DAFF9200045951 /* Assets.xcassets */; };
		046FF49C25DAFF9200045951 /* Preview Assets.xcassets in Resources */ = {isa = PBXBuildFile; fileRef = 046FF49B25DAFF9200045951 /* Preview Assets.xcassets */; };
		046FF4A725DAFF9300045951 /* PetTinderTests.swift in Sources */ = {isa = PBXBuildFile; fileRef = 046FF4A625DAFF9300045951 /* PetTinderTests.swift */; };
		046FF4B225DAFF9300045951 /* PetTinderUITests.swift in Sources */ = {isa = PBXBuildFile; fileRef = 046FF4B125DAFF9300045951 /* PetTinderUITests.swift */; };
		046FF4C825DB384100045951 /* testComponent.swift in Sources */ = {isa = PBXBuildFile; fileRef = 046FF4C725DB384100045951 /* testComponent.swift */; };
		046FF4CD25DB385500045951 /* testServer.swift in Sources */ = {isa = PBXBuildFile; fileRef = 046FF4CC25DB385500045951 /* testServer.swift */; };
/* End PBXBuildFile section */

/* Begin PBXContainerItemProxy section */
		046FF4A325DAFF9300045951 /* PBXContainerItemProxy */ = {
			isa = PBXContainerItemProxy;
			containerPortal = 046FF48925DAFF8F00045951 /* Project object */;
			proxyType = 1;
			remoteGlobalIDString = 046FF49025DAFF8F00045951;
			remoteInfo = PetTinder;
		};
		046FF4AE25DAFF9300045951 /* PBXContainerItemProxy */ = {
			isa = PBXContainerItemProxy;
			containerPortal = 046FF48925DAFF8F00045951 /* Project object */;
			proxyType = 1;
			remoteGlobalIDString = 046FF49025DAFF8F00045951;
			remoteInfo = PetTinder;
		};
/* End PBXContainerItemProxy section */

/* Begin PBXFileReference section */
		046FF49125DAFF8F00045951 /* PetTinder.app */ = {isa = PBXFileReference; explicitFileType = wrapper.application; includeInIndex = 0; path = PetTinder.app; sourceTree = BUILT_PRODUCTS_DIR; };
		046FF49425DAFF8F00045951 /* PetTinderApp.swift */ = {isa = PBXFileReference; lastKnownFileType = sourcecode.swift; path = PetTinderApp.swift; sourceTree = "<group>"; };
		046FF49625DAFF8F00045951 /* ContentView.swift */ = {isa = PBXFileReference; lastKnownFileType = sourcecode.swift; path = ContentView.swift; sourceTree = "<group>"; };
		046FF49825DAFF9200045951 /* Assets.xcassets */ = {isa = PBXFileReference; lastKnownFileType = folder.assetcatalog; path = Assets.xcassets; sourceTree = "<group>"; };
		046FF49B25DAFF9200045951 /* Preview Assets.xcassets */ = {isa = PBXFileReference; lastKnownFileType = folder.assetcatalog; path = "Preview Assets.xcassets"; sourceTree = "<group>"; };
		046FF49D25DAFF9300045951 /* Info.plist */ = {isa = PBXFileReference; lastKnownFileType = text.plist.xml; path = Info.plist; sourceTree = "<group>"; };
		046FF4A225DAFF9300045951 /* PetTinderTests.xctest */ = {isa = PBXFileReference; explicitFileType = wrapper.cfbundle; includeInIndex = 0; path = PetTinderTests.xctest; sourceTree = BUILT_PRODUCTS_DIR; };
		046FF4A625DAFF9300045951 /* PetTinderTests.swift */ = {isa = PBXFileReference; lastKnownFileType = sourcecode.swift; path = PetTinderTests.swift; sourceTree = "<group>"; };
		046FF4A825DAFF9300045951 /* Info.plist */ = {isa = PBXFileReference; lastKnownFileType = text.plist.xml; path = Info.plist; sourceTree = "<group>"; };
		046FF4AD25DAFF9300045951 /* PetTinderUITests.xctest */ = {isa = PBXFileReference; explicitFileType = wrapper.cfbundle; includeInIndex = 0; path = PetTinderUITests.xctest; sourceTree = BUILT_PRODUCTS_DIR; };
		046FF4B125DAFF9300045951 /* PetTinderUITests.swift */ = {isa = PBXFileReference; lastKnownFileType = sourcecode.swift; path = PetTinderUITests.swift; sourceTree = "<group>"; };
		046FF4B325DAFF9300045951 /* Info.plist */ = {isa = PBXFileReference; lastKnownFileType = text.plist.xml; path = Info.plist; sourceTree = "<group>"; };
		046FF4C725DB384100045951 /* testComponent.swift */ = {isa = PBXFileReference; lastKnownFileType = sourcecode.swift; path = testComponent.swift; sourceTree = "<group>"; };
		046FF4CC25DB385500045951 /* testServer.swift */ = {isa = PBXFileReference; lastKnownFileType = sourcecode.swift; path = testServer.swift; sourceTree = "<group>"; };
/* End PBXFileReference section */

/* Begin PBXFrameworksBuildPhase section */
		046FF48E25DAFF8F00045951 /* Frameworks */ = {
			isa = PBXFrameworksBuildPhase;
			buildActionMask = 2147483647;
			files = (
			);
			runOnlyForDeploymentPostprocessing = 0;
		};
		046FF49F25DAFF9300045951 /* Frameworks */ = {
			isa = PBXFrameworksBuildPhase;
			buildActionMask = 2147483647;
			files = (
			);
			runOnlyForDeploymentPostprocessing = 0;
		};
		046FF4AA25DAFF9300045951 /* Frameworks */ = {
			isa = PBXFrameworksBuildPhase;
			buildActionMask = 2147483647;
			files = (
			);
			runOnlyForDeploymentPostprocessing = 0;
		};
/* End PBXFrameworksBuildPhase section */

/* Begin PBXGroup section */
		046FF48825DAFF8F00045951 = {
			isa = PBXGroup;
			children = (
				046FF49325DAFF8F00045951 /* PetTinder */,
				046FF4A525DAFF9300045951 /* PetTinderTests */,
				046FF4B025DAFF9300045951 /* PetTinderUITests */,
				046FF49225DAFF8F00045951 /* Products */,
			);
			sourceTree = "<group>";
		};
		046FF49225DAFF8F00045951 /* Products */ = {
			isa = PBXGroup;
			children = (
				046FF49125DAFF8F00045951 /* PetTinder.app */,
				046FF4A225DAFF9300045951 /* PetTinderTests.xctest */,
				046FF4AD25DAFF9300045951 /* PetTinderUITests.xctest */,
			);
			name = Products;
			sourceTree = "<group>";
		};
		046FF49325DAFF8F00045951 /* PetTinder */ = {
			isa = PBXGroup;
			children = (
				046FF4C525DB2B3600045951 /* client */,
				046FF4C425DB2B1E00045951 /* server */,
				046FF49425DAFF8F00045951 /* PetTinderApp.swift */,
				046FF49625DAFF8F00045951 /* ContentView.swift */,
				046FF49825DAFF9200045951 /* Assets.xcassets */,
				046FF49D25DAFF9300045951 /* Info.plist */,
				046FF49A25DAFF9200045951 /* Preview Content */,
			);
			path = PetTinder;
			sourceTree = "<group>";
		};
		046FF49A25DAFF9200045951 /* Preview Content */ = {
			isa = PBXGroup;
			children = (
				046FF49B25DAFF9200045951 /* Preview Assets.xcassets */,
			);
			path = "Preview Content";
			sourceTree = "<group>";
		};
		046FF4A525DAFF9300045951 /* PetTinderTests */ = {
			isa = PBXGroup;
			children = (
				046FF4A625DAFF9300045951 /* PetTinderTests.swift */,
				046FF4A825DAFF9300045951 /* Info.plist */,
			);
			path = PetTinderTests;
			sourceTree = "<group>";
		};
		046FF4B025DAFF9300045951 /* PetTinderUITests */ = {
			isa = PBXGroup;
			children = (
				046FF4B125DAFF9300045951 /* PetTinderUITests.swift */,
				046FF4B325DAFF9300045951 /* Info.plist */,
			);
			path = PetTinderUITests;
			sourceTree = "<group>";
		};
		046FF4C425DB2B1E00045951 /* server */ = {
			isa = PBXGroup;
			children = (
				046FF4CC25DB385500045951 /* testServer.swift */,
			);
			path = server;
			sourceTree = "<group>";
		};
		046FF4C525DB2B3600045951 /* client */ = {
			isa = PBXGroup;
			children = (
				046FF4C625DB2B5E00045951 /* components */,
			);
			path = client;
			sourceTree = "<group>";
		};
		046FF4C625DB2B5E00045951 /* components */ = {
			isa = PBXGroup;
			children = (
				046FF4C725DB384100045951 /* testComponent.swift */,
			);
			path = components;
			sourceTree = "<group>";
		};
/* End PBXGroup section */

/* Begin PBXNativeTarget section */
		046FF49025DAFF8F00045951 /* PetTinder */ = {
			isa = PBXNativeTarget;
			buildConfigurationList = 046FF4B625DAFF9300045951 /* Build configuration list for PBXNativeTarget "PetTinder" */;
			buildPhases = (
				046FF48D25DAFF8F00045951 /* Sources */,
				046FF48E25DAFF8F00045951 /* Frameworks */,
				046FF48F25DAFF8F00045951 /* Resources */,
			);
			buildRules = (
			);
			dependencies = (
			);
			name = PetTinder;
			productName = PetTinder;
			productReference = 046FF49125DAFF8F00045951 /* PetTinder.app */;
			productType = "com.apple.product-type.application";
		};
		046FF4A125DAFF9300045951 /* PetTinderTests */ = {
			isa = PBXNativeTarget;
			buildConfigurationList = 046FF4B925DAFF9300045951 /* Build configuration list for PBXNativeTarget "PetTinderTests" */;
			buildPhases = (
				046FF49E25DAFF9300045951 /* Sources */,
				046FF49F25DAFF9300045951 /* Frameworks */,
				046FF4A025DAFF9300045951 /* Resources */,
			);
			buildRules = (
			);
			dependencies = (
				046FF4A425DAFF9300045951 /* PBXTargetDependency */,
			);
			name = PetTinderTests;
			productName = PetTinderTests;
			productReference = 046FF4A225DAFF9300045951 /* PetTinderTests.xctest */;
			productType = "com.apple.product-type.bundle.unit-test";
		};
		046FF4AC25DAFF9300045951 /* PetTinderUITests */ = {
			isa = PBXNativeTarget;
			buildConfigurationList = 046FF4BC25DAFF9300045951 /* Build configuration list for PBXNativeTarget "PetTinderUITests" */;
			buildPhases = (
				046FF4A925DAFF9300045951 /* Sources */,
				046FF4AA25DAFF9300045951 /* Frameworks */,
				046FF4AB25DAFF9300045951 /* Resources */,
			);
			buildRules = (
			);
			dependencies = (
				046FF4AF25DAFF9300045951 /* PBXTargetDependency */,
			);
			name = PetTinderUITests;
			productName = PetTinderUITests;
			productReference = 046FF4AD25DAFF9300045951 /* PetTinderUITests.xctest */;
			productType = "com.apple.product-type.bundle.ui-testing";
		};
/* End PBXNativeTarget section */

/* Begin PBXProject section */
		046FF48925DAFF8F00045951 /* Project object */ = {
			isa = PBXProject;
			attributes = {
				LastSwiftUpdateCheck = 1240;
				LastUpgradeCheck = 1240;
				TargetAttributes = {
					046FF49025DAFF8F00045951 = {
						CreatedOnToolsVersion = 12.4;
					};
					046FF4A125DAFF9300045951 = {
						CreatedOnToolsVersion = 12.4;
						TestTargetID = 046FF49025DAFF8F00045951;
					};
					046FF4AC25DAFF9300045951 = {
						CreatedOnToolsVersion = 12.4;
						TestTargetID = 046FF49025DAFF8F00045951;
					};
				};
			};
			buildConfigurationList = 046FF48C25DAFF8F00045951 /* Build configuration list for PBXProject "PetTinder" */;
			compatibilityVersion = "Xcode 9.3";
			developmentRegion = en;
			hasScannedForEncodings = 0;
			knownRegions = (
				en,
				Base,
			);
			mainGroup = 046FF48825DAFF8F00045951;
			productRefGroup = 046FF49225DAFF8F00045951 /* Products */;
			projectDirPath = "";
			projectRoot = "";
			targets = (
				046FF49025DAFF8F00045951 /* PetTinder */,
				046FF4A125DAFF9300045951 /* PetTinderTests */,
				046FF4AC25DAFF9300045951 /* PetTinderUITests */,
			);
		};
/* End PBXProject section */

/* Begin PBXResourcesBuildPhase section */
		046FF48F25DAFF8F00045951 /* Resources */ = {
			isa = PBXResourcesBuildPhase;
			buildActionMask = 2147483647;
			files = (
				046FF49C25DAFF9200045951 /* Preview Assets.xcassets in Resources */,
				046FF49925DAFF9200045951 /* Assets.xcassets in Resources */,
			);
			runOnlyForDeploymentPostprocessing = 0;
		};
		046FF4A025DAFF9300045951 /* Resources */ = {
			isa = PBXResourcesBuildPhase;
			buildActionMask = 2147483647;
			files = (
			);
			runOnlyForDeploymentPostprocessing = 0;
		};
		046FF4AB25DAFF9300045951 /* Resources */ = {
			isa = PBXResourcesBuildPhase;
			buildActionMask = 2147483647;
			files = (
			);
			runOnlyForDeploymentPostprocessing = 0;
		};
/* End PBXResourcesBuildPhase section */

/* Begin PBXSourcesBuildPhase section */
		046FF48D25DAFF8F00045951 /* Sources */ = {
			isa = PBXSourcesBuildPhase;
			buildActionMask = 2147483647;
			files = (
				046FF49725DAFF8F00045951 /* ContentView.swift in Sources */,
				046FF49525DAFF8F00045951 /* PetTinderApp.swift in Sources */,
				046FF4CD25DB385500045951 /* testServer.swift in Sources */,
				046FF4C825DB384100045951 /* testComponent.swift in Sources */,
			);
			runOnlyForDeploymentPostprocessing = 0;
		};
		046FF49E25DAFF9300045951 /* Sources */ = {
			isa = PBXSourcesBuildPhase;
			buildActionMask = 2147483647;
			files = (
				046FF4A725DAFF9300045951 /* PetTinderTests.swift in Sources */,
			);
			runOnlyForDeploymentPostprocessing = 0;
		};
		046FF4A925DAFF9300045951 /* Sources */ = {
			isa = PBXSourcesBuildPhase;
			buildActionMask = 2147483647;
			files = (
				046FF4B225DAFF9300045951 /* PetTinderUITests.swift in Sources */,
			);
			runOnlyForDeploymentPostprocessing = 0;
		};
/* End PBXSourcesBuildPhase section */

/* Begin PBXTargetDependency section */
		046FF4A425DAFF9300045951 /* PBXTargetDependency */ = {
			isa = PBXTargetDependency;
			target = 046FF49025DAFF8F00045951 /* PetTinder */;
			targetProxy = 046FF4A325DAFF9300045951 /* PBXContainerItemProxy */;
		};
		046FF4AF25DAFF9300045951 /* PBXTargetDependency */ = {
			isa = PBXTargetDependency;
			target = 046FF49025DAFF8F00045951 /* PetTinder */;
			targetProxy = 046FF4AE25DAFF9300045951 /* PBXContainerItemProxy */;
		};
/* End PBXTargetDependency section */

/* Begin XCBuildConfiguration section */
		046FF4B425DAFF9300045951 /* Debug */ = {
			isa = XCBuildConfiguration;
			buildSettings = {
				ALWAYS_SEARCH_USER_PATHS = NO;
				CLANG_ANALYZER_NONNULL = YES;
				CLANG_ANALYZER_NUMBER_OBJECT_CONVERSION = YES_AGGRESSIVE;
				CLANG_CXX_LANGUAGE_STANDARD = "gnu++14";
				CLANG_CXX_LIBRARY = "libc++";
				CLANG_ENABLE_MODULES = YES;
				CLANG_ENABLE_OBJC_ARC = YES;
				CLANG_ENABLE_OBJC_WEAK = YES;
				CLANG_WARN_BLOCK_CAPTURE_AUTORELEASING = YES;
				CLANG_WARN_BOOL_CONVERSION = YES;
				CLANG_WARN_COMMA = YES;
				CLANG_WARN_CONSTANT_CONVERSION = YES;
				CLANG_WARN_DEPRECATED_OBJC_IMPLEMENTATIONS = YES;
				CLANG_WARN_DIRECT_OBJC_ISA_USAGE = YES_ERROR;
				CLANG_WARN_DOCUMENTATION_COMMENTS = YES;
				CLANG_WARN_EMPTY_BODY = YES;
				CLANG_WARN_ENUM_CONVERSION = YES;
				CLANG_WARN_INFINITE_RECURSION = YES;
				CLANG_WARN_INT_CONVERSION = YES;
				CLANG_WARN_NON_LITERAL_NULL_CONVERSION = YES;
				CLANG_WARN_OBJC_IMPLICIT_RETAIN_SELF = YES;
				CLANG_WARN_OBJC_LITERAL_CONVERSION = YES;
				CLANG_WARN_OBJC_ROOT_CLASS = YES_ERROR;
				CLANG_WARN_QUOTED_INCLUDE_IN_FRAMEWORK_HEADER = YES;
				CLANG_WARN_RANGE_LOOP_ANALYSIS = YES;
				CLANG_WARN_STRICT_PROTOTYPES = YES;
				CLANG_WARN_SUSPICIOUS_MOVE = YES;
				CLANG_WARN_UNGUARDED_AVAILABILITY = YES_AGGRESSIVE;
				CLANG_WARN_UNREACHABLE_CODE = YES;
				CLANG_WARN__DUPLICATE_METHOD_MATCH = YES;
				COPY_PHASE_STRIP = NO;
				DEBUG_INFORMATION_FORMAT = dwarf;
				ENABLE_STRICT_OBJC_MSGSEND = YES;
				ENABLE_TESTABILITY = YES;
				GCC_C_LANGUAGE_STANDARD = gnu11;
				GCC_DYNAMIC_NO_PIC = NO;
				GCC_NO_COMMON_BLOCKS = YES;
				GCC_OPTIMIZATION_LEVEL = 0;
				GCC_PREPROCESSOR_DEFINITIONS = (
					"DEBUG=1",
					"$(inherited)",
				);
				GCC_WARN_64_TO_32_BIT_CONVERSION = YES;
				GCC_WARN_ABOUT_RETURN_TYPE = YES_ERROR;
				GCC_WARN_UNDECLARED_SELECTOR = YES;
				GCC_WARN_UNINITIALIZED_AUTOS = YES_AGGRESSIVE;
				GCC_WARN_UNUSED_FUNCTION = YES;
				GCC_WARN_UNUSED_VARIABLE = YES;
				IPHONEOS_DEPLOYMENT_TARGET = 14.4;
				MTL_ENABLE_DEBUG_INFO = INCLUDE_SOURCE;
				MTL_FAST_MATH = YES;
				ONLY_ACTIVE_ARCH = YES;
				SDKROOT = iphoneos;
				SWIFT_ACTIVE_COMPILATION_CONDITIONS = DEBUG;
				SWIFT_OPTIMIZATION_LEVEL = "-Onone";
			};
			name = Debug;
		};
		046FF4B525DAFF9300045951 /* Release */ = {
			isa = XCBuildConfiguration;
			buildSettings = {
				ALWAYS_SEARCH_USER_PATHS = NO;
				CLANG_ANALYZER_NONNULL = YES;
				CLANG_ANALYZER_NUMBER_OBJECT_CONVERSION = YES_AGGRESSIVE;
				CLANG_CXX_LANGUAGE_STANDARD = "gnu++14";
				CLANG_CXX_LIBRARY = "libc++";
				CLANG_ENABLE_MODULES = YES;
				CLANG_ENABLE_OBJC_ARC = YES;
				CLANG_ENABLE_OBJC_WEAK = YES;
				CLANG_WARN_BLOCK_CAPTURE_AUTORELEASING = YES;
				CLANG_WARN_BOOL_CONVERSION = YES;
				CLANG_WARN_COMMA = YES;
				CLANG_WARN_CONSTANT_CONVERSION = YES;
				CLANG_WARN_DEPRECATED_OBJC_IMPLEMENTATIONS = YES;
				CLANG_WARN_DIRECT_OBJC_ISA_USAGE = YES_ERROR;
				CLANG_WARN_DOCUMENTATION_COMMENTS = YES;
				CLANG_WARN_EMPTY_BODY = YES;
				CLANG_WARN_ENUM_CONVERSION = YES;
				CLANG_WARN_INFINITE_RECURSION = YES;
				CLANG_WARN_INT_CONVERSION = YES;
				CLANG_WARN_NON_LITERAL_NULL_CONVERSION = YES;
				CLANG_WARN_OBJC_IMPLICIT_RETAIN_SELF = YES;
				CLANG_WARN_OBJC_LITERAL_CONVERSION = YES;
				CLANG_WARN_OBJC_ROOT_CLASS = YES_ERROR;
				CLANG_WARN_QUOTED_INCLUDE_IN_FRAMEWORK_HEADER = YES;
				CLANG_WARN_RANGE_LOOP_ANALYSIS = YES;
				CLANG_WARN_STRICT_PROTOTYPES = YES;
				CLANG_WARN_SUSPICIOUS_MOVE = YES;
				CLANG_WARN_UNGUARDED_AVAILABILITY = YES_AGGRESSIVE;
				CLANG_WARN_UNREACHABLE_CODE = YES;
				CLANG_WARN__DUPLICATE_METHOD_MATCH = YES;
				COPY_PHASE_STRIP = NO;
				DEBUG_INFORMATION_FORMAT = "dwarf-with-dsym";
				ENABLE_NS_ASSERTIONS = NO;
				ENABLE_STRICT_OBJC_MSGSEND = YES;
				GCC_C_LANGUAGE_STANDARD = gnu11;
				GCC_NO_COMMON_BLOCKS = YES;
				GCC_WARN_64_TO_32_BIT_CONVERSION = YES;
				GCC_WARN_ABOUT_RETURN_TYPE = YES_ERROR;
				GCC_WARN_UNDECLARED_SELECTOR = YES;
				GCC_WARN_UNINITIALIZED_AUTOS = YES_AGGRESSIVE;
				GCC_WARN_UNUSED_FUNCTION = YES;
				GCC_WARN_UNUSED_VARIABLE = YES;
				IPHONEOS_DEPLOYMENT_TARGET = 14.4;
				MTL_ENABLE_DEBUG_INFO = NO;
				MTL_FAST_MATH = YES;
				SDKROOT = iphoneos;
				SWIFT_COMPILATION_MODE = wholemodule;
				SWIFT_OPTIMIZATION_LEVEL = "-O";
				VALIDATE_PRODUCT = YES;
			};
			name = Release;
		};
		046FF4B725DAFF9300045951 /* Debug */ = {
			isa = XCBuildConfiguration;
			buildSettings = {
				ASSETCATALOG_COMPILER_APPICON_NAME = AppIcon;
				ASSETCATALOG_COMPILER_GLOBAL_ACCENT_COLOR_NAME = AccentColor;
				CODE_SIGN_STYLE = Automatic;
				DEVELOPMENT_ASSET_PATHS = "\"PetTinder/Preview Content\"";
				ENABLE_PREVIEWS = YES;
				INFOPLIST_FILE = PetTinder/Info.plist;
				IPHONEOS_DEPLOYMENT_TARGET = 14.0;
				LD_RUNPATH_SEARCH_PATHS = (
					"$(inherited)",
					"@executable_path/Frameworks",
				);
				PRODUCT_BUNDLE_IDENTIFIER = CIS422.PetTinder;
				PRODUCT_NAME = "$(TARGET_NAME)";
				SWIFT_VERSION = 5.0;
				TARGETED_DEVICE_FAMILY = "1,2";
			};
			name = Debug;
		};
		046FF4B825DAFF9300045951 /* Release */ = {
			isa = XCBuildConfiguration;
			buildSettings = {
				ASSETCATALOG_COMPILER_APPICON_NAME = AppIcon;
				ASSETCATALOG_COMPILER_GLOBAL_ACCENT_COLOR_NAME = AccentColor;
				CODE_SIGN_STYLE = Automatic;
				DEVELOPMENT_ASSET_PATHS = "\"PetTinder/Preview Content\"";
				ENABLE_PREVIEWS = YES;
				INFOPLIST_FILE = PetTinder/Info.plist;
				IPHONEOS_DEPLOYMENT_TARGET = 14.0;
				LD_RUNPATH_SEARCH_PATHS = (
					"$(inherited)",
					"@executable_path/Frameworks",
				);
				PRODUCT_BUNDLE_IDENTIFIER = CIS422.PetTinder;
				PRODUCT_NAME = "$(TARGET_NAME)";
				SWIFT_VERSION = 5.0;
				TARGETED_DEVICE_FAMILY = "1,2";
			};
			name = Release;
		};
		046FF4BA25DAFF9300045951 /* Debug */ = {
			isa = XCBuildConfiguration;
			buildSettings = {
				ALWAYS_EMBED_SWIFT_STANDARD_LIBRARIES = YES;
				BUNDLE_LOADER = "$(TEST_HOST)";
				CODE_SIGN_STYLE = Automatic;
				INFOPLIST_FILE = PetTinderTests/Info.plist;
				IPHONEOS_DEPLOYMENT_TARGET = 14.0;
				LD_RUNPATH_SEARCH_PATHS = (
					"$(inherited)",
					"@executable_path/Frameworks",
					"@loader_path/Frameworks",
				);
				PRODUCT_BUNDLE_IDENTIFIER = CIS422.PetTinderTests;
				PRODUCT_NAME = "$(TARGET_NAME)";
				SWIFT_VERSION = 5.0;
				TARGETED_DEVICE_FAMILY = "1,2";
				TEST_HOST = "$(BUILT_PRODUCTS_DIR)/PetTinder.app/PetTinder";
			};
			name = Debug;
		};
		046FF4BB25DAFF9300045951 /* Release */ = {
			isa = XCBuildConfiguration;
			buildSettings = {
				ALWAYS_EMBED_SWIFT_STANDARD_LIBRARIES = YES;
				BUNDLE_LOADER = "$(TEST_HOST)";
				CODE_SIGN_STYLE = Automatic;
				INFOPLIST_FILE = PetTinderTests/Info.plist;
				IPHONEOS_DEPLOYMENT_TARGET = 14.0;
				LD_RUNPATH_SEARCH_PATHS = (
					"$(inherited)",
					"@executable_path/Frameworks",
					"@loader_path/Frameworks",
				);
				PRODUCT_BUNDLE_IDENTIFIER = CIS422.PetTinderTests;
				PRODUCT_NAME = "$(TARGET_NAME)";
				SWIFT_VERSION = 5.0;
				TARGETED_DEVICE_FAMILY = "1,2";
				TEST_HOST = "$(BUILT_PRODUCTS_DIR)/PetTinder.app/PetTinder";
			};
			name = Release;
		};
		046FF4BD25DAFF9300045951 /* Debug */ = {
			isa = XCBuildConfiguration;
			buildSettings = {
				ALWAYS_EMBED_SWIFT_STANDARD_LIBRARIES = YES;
				CODE_SIGN_STYLE = Automatic;
				INFOPLIST_FILE = PetTinderUITests/Info.plist;
				LD_RUNPATH_SEARCH_PATHS = (
					"$(inherited)",
					"@executable_path/Frameworks",
					"@loader_path/Frameworks",
				);
				PRODUCT_BUNDLE_IDENTIFIER = CIS422.PetTinderUITests;
				PRODUCT_NAME = "$(TARGET_NAME)";
				SWIFT_VERSION = 5.0;
				TARGETED_DEVICE_FAMILY = "1,2";
				TEST_TARGET_NAME = PetTinder;
			};
			name = Debug;
		};
		046FF4BE25DAFF9300045951 /* Release */ = {
			isa = XCBuildConfiguration;
			buildSettings = {
				ALWAYS_EMBED_SWIFT_STANDARD_LIBRARIES = YES;
				CODE_SIGN_STYLE = Automatic;
				INFOPLIST_FILE = PetTinderUITests/Info.plist;
				LD_RUNPATH_SEARCH_PATHS = (
					"$(inherited)",
					"@executable_path/Frameworks",
					"@loader_path/Frameworks",
				);
				PRODUCT_BUNDLE_IDENTIFIER = CIS422.PetTinderUITests;
				PRODUCT_NAME = "$(TARGET_NAME)";
				SWIFT_VERSION = 5.0;
				TARGETED_DEVICE_FAMILY = "1,2";
				TEST_TARGET_NAME = PetTinder;
			};
			name = Release;
		};
/* End XCBuildConfiguration section */

/* Begin XCConfigurationList section */
		046FF48C25DAFF8F00045951 /* Build configuration list for PBXProject "PetTinder" */ = {
			isa = XCConfigurationList;
			buildConfigurations = (
				046FF4B425DAFF9300045951 /* Debug */,
				046FF4B525DAFF9300045951 /* Release */,
			);
			defaultConfigurationIsVisible = 0;
			defaultConfigurationName = Release;
		};
		046FF4B625DAFF9300045951 /* Build configuration list for PBXNativeTarget "PetTinder" */ = {
			isa = XCConfigurationList;
			buildConfigurations = (
				046FF4B725DAFF9300045951 /* Debug */,
				046FF4B825DAFF9300045951 /* Release */,
			);
			defaultConfigurationIsVisible = 0;
			defaultConfigurationName = Release;
		};
		046FF4B925DAFF9300045951 /* Build configuration list for PBXNativeTarget "PetTinderTests" */ = {
			isa = XCConfigurationList;
			buildConfigurations = (
				046FF4BA25DAFF9300045951 /* Debug */,
				046FF4BB25DAFF9300045951 /* Release */,
			);
			defaultConfigurationIsVisible = 0;
			defaultConfigurationName = Release;
		};
		046FF4BC25DAFF9300045951 /* Build configuration list for PBXNativeTarget "PetTinderUITests" */ = {
			isa = XCConfigurationList;
			buildConfigurations = (
				046FF4BD25DAFF9300045951 /* Debug */,
				046FF4BE25DAFF9300045951 /* Release */,
			);
			defaultConfigurationIsVisible = 0;
			defaultConfigurationName = Release;
		};
/* End XCConfigurationList section */
	};
	rootObject = 046FF48925DAFF8F00045951 /* Project object */;
}
